
Microsoft Visual Studio Solution File, Format Version 12.00
# Visual Studio Version 16
VisualStudioVersion = 16.0.31613.86
MinimumVisualStudioVersion = 10.0.40219.1
Project("{9A19103F-16F7-4668-BE54-9A1E7A4F7556}") = "LazyAdminWS", "..\LazyAdminWS\LazyAdminWS.csproj", "{7DDE19F4-8582-4C80-9E8F-FDCFD8853E9B}"
EndProject
Project("{9A19103F-16F7-4668-BE54-9A1E7A4F7556}") = "DataLibrary", "..\DataLibrary\DataLibrary.csproj", "{6E4A55E8-C7BA-4B55-8726-CA88022A5FE7}"
EndProject
Global
	GlobalSection(SolutionConfigurationPlatforms) = preSolution
		Debug|Any CPU = Debug|Any CPU
		Release|Any CPU = Release|Any CPU
	EndGlobalSection
	GlobalSection(ProjectConfigurationPlatforms) = postSolution
		{7DDE19F4-8582-4C80-9E8F-FDCFD8853E9B}.Debug|Any CPU.ActiveCfg = Debug|Any CPU
		{7DDE19F4-8582-4C80-9E8F-FDCFD8853E9B}.Debug|Any CPU.Build.0 = Debug|Any CPU
		{7DDE19F4-8582-4C80-9E8F-FDCFD8853E9B}.Release|Any CPU.ActiveCfg = Release|Any CPU
		{7DDE19F4-8582-4C80-9E8F-FDCFD8853E9B}.Release|Any CPU.Build.0 = Release|Any CPU
		{6E4A55E8-C7BA-4B55-8726-CA88022A5FE7}.Debug|Any CPU.ActiveCfg = Debug|Any CPU
		{6E4A55E8-C7BA-4B55-8726-CA88022A5FE7}.Debug|Any CPU.Build.0 = Debug|Any CPU
		{6E4A55E8-C7BA-4B55-8726-CA88022A5FE7}.Release|Any CPU.ActiveCfg = Release|Any CPU
		{6E4A55E8-C7BA-4B55-8726-CA88022A5FE7}.Release|Any CPU.Build.0 = Release|Any CPU
	EndGlobalSection
	GlobalSection(SolutionProperties) = preSolution
		HideSolutionNode = FALSE
	EndGlobalSection
	GlobalSection(ExtensibilityGlobals) = postSolution
		SolutionGuid = {5B27119C-9F50-4E84-8925-149CB244BFC3}
	EndGlobalSection
EndGlobal
